
Microsoft Visual Studio Solution File, Format Version 12.00
# Visual Studio Version 17
VisualStudioVersion = 17.1.32421.90
MinimumVisualStudioVersion = 10.0.40219.1
Project("{9A19103F-16F7-4668-BE54-9A1E7A4F7556}") = "MarsRoverPhotoApp.Fetcher", "MarsRoverPhotoApp.Fetcher\MarsRoverPhotoApp.Fetcher.csproj", "{37653E8B-63B1-47ED-8126-3B7280EAA0F6}"
EndProject
Project("{FAE04EC0-301F-11D3-BF4B-00C04F79EFBC}") = "MarsRoverPhotoApp.Gallery", "MarsRoverPhotoApp.Gallery\MarsRoverPhotoApp.Gallery.csproj", "{36B0B640-862E-4A36-9051-0E5E6A837A07}"
EndProject
Project("{FAE04EC0-301F-11D3-BF4B-00C04F79EFBC}") = "MarsRoverPhotoApp.Test", "MarsRoverPhotoApp.Test\MarsRoverPhotoApp.Test.csproj", "{108B0192-9F3E-4098-BD54-A0D7D623E57F}"
EndProject
Global
	GlobalSection(SolutionConfigurationPlatforms) = preSolution
		Debug|Any CPU = Debug|Any CPU
		Release|Any CPU = Release|Any CPU
	EndGlobalSection
	GlobalSection(ProjectConfigurationPlatforms) = postSolution
		{37653E8B-63B1-47ED-8126-3B7280EAA0F6}.Debug|Any CPU.ActiveCfg = Debug|Any CPU
		{37653E8B-63B1-47ED-8126-3B7280EAA0F6}.Debug|Any CPU.Build.0 = Debug|Any CPU
		{37653E8B-63B1-47ED-8126-3B7280EAA0F6}.Release|Any CPU.ActiveCfg = Release|Any CPU
		{37653E8B-63B1-47ED-8126-3B7280EAA0F6}.Release|Any CPU.Build.0 = Release|Any CPU
		{36B0B640-862E-4A36-9051-0E5E6A837A07}.Debug|Any CPU.ActiveCfg = Debug|Any CPU
		{36B0B640-862E-4A36-9051-0E5E6A837A07}.Debug|Any CPU.Build.0 = Debug|Any CPU
		{36B0B640-862E-4A36-9051-0E5E6A837A07}.Release|Any CPU.ActiveCfg = Release|Any CPU
		{36B0B640-862E-4A36-9051-0E5E6A837A07}.Release|Any CPU.Build.0 = Release|Any CPU
		{108B0192-9F3E-4098-BD54-A0D7D623E57F}.Debug|Any CPU.ActiveCfg = Debug|Any CPU
		{108B0192-9F3E-4098-BD54-A0D7D623E57F}.Debug|Any CPU.Build.0 = Debug|Any CPU
		{108B0192-9F3E-4098-BD54-A0D7D623E57F}.Release|Any CPU.ActiveCfg = Release|Any CPU
		{108B0192-9F3E-4098-BD54-A0D7D623E57F}.Release|Any CPU.Build.0 = Release|Any CPU
	EndGlobalSection
	GlobalSection(SolutionProperties) = preSolution
		HideSolutionNode = FALSE
	EndGlobalSection
	GlobalSection(ExtensibilityGlobals) = postSolution
		SolutionGuid = {191FDC1B-5077-4EC2-83DC-4BC7C1578718}
	EndGlobalSection
EndGlobal
